
Microsoft Visual Studio Solution File, Format Version 12.00
# Visual Studio Version 16
VisualStudioVersion = 16.0.29911.84
MinimumVisualStudioVersion = 10.0.40219.1
Project("{151D2E53-A2C4-4D7D-83FE-D05416EBD58E}") = "VPN-P2S", "VPN-P2S\VPN-P2S.deployproj", "{F8193BEA-DC66-4558-8EF6-E18CD6C20686}"
EndProject
Global
	GlobalSection(SolutionConfigurationPlatforms) = preSolution
		Debug|Any CPU = Debug|Any CPU
		Release|Any CPU = Release|Any CPU
	EndGlobalSection
	GlobalSection(ProjectConfigurationPlatforms) = postSolution
		{F8193BEA-DC66-4558-8EF6-E18CD6C20686}.Debug|Any CPU.ActiveCfg = Debug|Any CPU
		{F8193BEA-DC66-4558-8EF6-E18CD6C20686}.Debug|Any CPU.Build.0 = Debug|Any CPU
		{F8193BEA-DC66-4558-8EF6-E18CD6C20686}.Release|Any CPU.ActiveCfg = Release|Any CPU
		{F8193BEA-DC66-4558-8EF6-E18CD6C20686}.Release|Any CPU.Build.0 = Release|Any CPU
	EndGlobalSection
	GlobalSection(SolutionProperties) = preSolution
		HideSolutionNode = FALSE
	EndGlobalSection
	GlobalSection(ExtensibilityGlobals) = postSolution
		SolutionGuid = {B6A5BE56-294D-4241-A81F-C4C4D494737F}
	EndGlobalSection
EndGlobal
